
Microsoft Visual Studio Solution File, Format Version 12.00
# Visual Studio Version 16
VisualStudioVersion = 16.0.29613.14
MinimumVisualStudioVersion = 10.0.40219.1
Project("{FAE04EC0-301F-11D3-BF4B-00C04F79EFBC}") = "MyCompany.Scheduler", "MyCompany.Scheduler\MyCompany.Scheduler.csproj", "{D122E166-142E-473A-A120-C9BCD9297CC4}"
EndProject
Global
	GlobalSection(SolutionConfigurationPlatforms) = preSolution
		Debug|Any CPU = Debug|Any CPU
		Release|Any CPU = Release|Any CPU
	EndGlobalSection
	GlobalSection(ProjectConfigurationPlatforms) = postSolution
		{D122E166-142E-473A-A120-C9BCD9297CC4}.Debug|Any CPU.ActiveCfg = Debug|Any CPU
		{D122E166-142E-473A-A120-C9BCD9297CC4}.Debug|Any CPU.Build.0 = Debug|Any CPU
		{D122E166-142E-473A-A120-C9BCD9297CC4}.Release|Any CPU.ActiveCfg = Release|Any CPU
		{D122E166-142E-473A-A120-C9BCD9297CC4}.Release|Any CPU.Build.0 = Release|Any CPU
	EndGlobalSection
	GlobalSection(SolutionProperties) = preSolution
		HideSolutionNode = FALSE
	EndGlobalSection
	GlobalSection(ExtensibilityGlobals) = postSolution
		SolutionGuid = {683B2FB3-5FC3-430C-89FB-0A64590B22F9}
	EndGlobalSection
EndGlobal
